// !$*UTF8*$!
{
	archiveVersion = 1;
	classes = {
	};
	objectVersion = 56;
	objects = {

/* Begin PBXBuildFile section */
		6C180509290176BB0085E23F /* Cardify.swift in Sources */ = {isa = PBXBuildFile; fileRef = 6C180508290176BB0085E23F /* Cardify.swift */; };
		6C18050B290177A70085E23F /* CardView.swift in Sources */ = {isa = PBXBuildFile; fileRef = 6C18050A290177A70085E23F /* CardView.swift */; };
		6C18050D29017A350085E23F /* Pie.swift in Sources */ = {isa = PBXBuildFile; fileRef = 6C18050C29017A350085E23F /* Pie.swift */; };
		6C22BF302920EACC003ED54B /* Launch Screen.storyboard in Resources */ = {isa = PBXBuildFile; fileRef = 6C22BF2F2920EACC003ED54B /* Launch Screen.storyboard */; };
		6C49CE78290ABCA9003F4C5B /* MemoryGameFactory.swift in Sources */ = {isa = PBXBuildFile; fileRef = 6C49CE77290ABCA9003F4C5B /* MemoryGameFactory.swift */; };
		6C7EBB8628F8411800D791D7 /* Array.swift in Sources */ = {isa = PBXBuildFile; fileRef = 6C7EBB8528F8411800D791D7 /* Array.swift */; };
		6C9A1C6529212476004A1869 /* Shapes.swift in Sources */ = {isa = PBXBuildFile; fileRef = 6C9A1C6429212476004A1869 /* Shapes.swift */; };
		6CE1C80628F99A2300522B23 /* SheetView.swift in Sources */ = {isa = PBXBuildFile; fileRef = 6CE1C80528F99A2300522B23 /* SheetView.swift */; };
		A7F106A128CF503D00C29BB1 /* MemoryGameApp.swift in Sources */ = {isa = PBXBuildFile; fileRef = A7F106A028CF503D00C29BB1 /* MemoryGameApp.swift */; };
		A7F106A528CF503E00C29BB1 /* Assets.xcassets in Resources */ = {isa = PBXBuildFile; fileRef = A7F106A428CF503E00C29BB1 /* Assets.xcassets */; };
		A7F106A828CF503E00C29BB1 /* Preview Assets.xcassets in Resources */ = {isa = PBXBuildFile; fileRef = A7F106A728CF503E00C29BB1 /* Preview Assets.xcassets */; };
		A7F106AF28CF50DC00C29BB1 /* EmojiMemoryGameViewModel.swift in Sources */ = {isa = PBXBuildFile; fileRef = A7F106AE28CF50DC00C29BB1 /* EmojiMemoryGameViewModel.swift */; };
		A7F106B128CF50F400C29BB1 /* MemoryGameModel.swift in Sources */ = {isa = PBXBuildFile; fileRef = A7F106B028CF50F400C29BB1 /* MemoryGameModel.swift */; };
		A7F106B328CF50FD00C29BB1 /* MemoryGameView.swift in Sources */ = {isa = PBXBuildFile; fileRef = A7F106B228CF50FD00C29BB1 /* MemoryGameView.swift */; };
/* End PBXBuildFile section */

/* Begin PBXFileReference section */
		6C180508290176BB0085E23F /* Cardify.swift */ = {isa = PBXFileReference; lastKnownFileType = sourcecode.swift; path = Cardify.swift; sourceTree = "<group>"; };
		6C18050A290177A70085E23F /* CardView.swift */ = {isa = PBXFileReference; lastKnownFileType = sourcecode.swift; path = CardView.swift; sourceTree = "<group>"; };
		6C18050C29017A350085E23F /* Pie.swift */ = {isa = PBXFileReference; lastKnownFileType = sourcecode.swift; path = Pie.swift; sourceTree = "<group>"; };
		6C22BF2D2920E72A003ED54B /* Info.plist */ = {isa = PBXFileReference; lastKnownFileType = text.plist.xml; path = Info.plist; sourceTree = "<group>"; };
		6C22BF2F2920EACC003ED54B /* Launch Screen.storyboard */ = {isa = PBXFileReference; lastKnownFileType = file.storyboard; path = "Launch Screen.storyboard"; sourceTree = "<group>"; };
		6C49CE77290ABCA9003F4C5B /* MemoryGameFactory.swift */ = {isa = PBXFileReference; lastKnownFileType = sourcecode.swift; path = MemoryGameFactory.swift; sourceTree = "<group>"; };
		6C7EBB8528F8411800D791D7 /* Array.swift */ = {isa = PBXFileReference; lastKnownFileType = sourcecode.swift; path = Array.swift; sourceTree = "<group>"; };
		6C9A1C6429212476004A1869 /* Shapes.swift */ = {isa = PBXFileReference; lastKnownFileType = sourcecode.swift; path = Shapes.swift; sourceTree = "<group>"; };
		6CE1C80528F99A2300522B23 /* SheetView.swift */ = {isa = PBXFileReference; lastKnownFileType = sourcecode.swift; path = SheetView.swift; sourceTree = "<group>"; };
		A7F1069D28CF503D00C29BB1 /* MemoryGame.app */ = {isa = PBXFileReference; explicitFileType = wrapper.application; includeInIndex = 0; path = MemoryGame.app; sourceTree = BUILT_PRODUCTS_DIR; };
		A7F106A028CF503D00C29BB1 /* MemoryGameApp.swift */ = {isa = PBXFileReference; lastKnownFileType = sourcecode.swift; path = MemoryGameApp.swift; sourceTree = "<group>"; };
		A7F106A428CF503E00C29BB1 /* Assets.xcassets */ = {isa = PBXFileReference; lastKnownFileType = folder.assetcatalog; path = Assets.xcassets; sourceTree = "<group>"; };
		A7F106A728CF503E00C29BB1 /* Preview Assets.xcassets */ = {isa = PBXFileReference; lastKnownFileType = folder.assetcatalog; path = "Preview Assets.xcassets"; sourceTree = "<group>"; };
		A7F106AE28CF50DC00C29BB1 /* EmojiMemoryGameViewModel.swift */ = {isa = PBXFileReference; lastKnownFileType = sourcecode.swift; path = EmojiMemoryGameViewModel.swift; sourceTree = "<group>"; };
		A7F106B028CF50F400C29BB1 /* MemoryGameModel.swift */ = {isa = PBXFileReference; lastKnownFileType = sourcecode.swift; path = MemoryGameModel.swift; sourceTree = "<group>"; };
		A7F106B228CF50FD00C29BB1 /* MemoryGameView.swift */ = {isa = PBXFileReference; lastKnownFileType = sourcecode.swift; path = MemoryGameView.swift; sourceTree = "<group>"; };
/* End PBXFileReference section */

/* Begin PBXFrameworksBuildPhase section */
		A7F1069A28CF503D00C29BB1 /* Frameworks */ = {
			isa = PBXFrameworksBuildPhase;
			buildActionMask = 2147483647;
			files = (
			);
			runOnlyForDeploymentPostprocessing = 0;
		};
/* End PBXFrameworksBuildPhase section */

/* Begin PBXGroup section */
		6C72BC6728E5CBAE003DB2A6 /* Model */ = {
			isa = PBXGroup;
			children = (
				A7F106B028CF50F400C29BB1 /* MemoryGameModel.swift */,
			);
			path = Model;
			sourceTree = "<group>";
		};
		6C72BC6828E5CBC6003DB2A6 /* ViewModel */ = {
			isa = PBXGroup;
			children = (
				A7F106AE28CF50DC00C29BB1 /* EmojiMemoryGameViewModel.swift */,
			);
			path = ViewModel;
			sourceTree = "<group>";
		};
		6C72BC6928E5CBD6003DB2A6 /* View */ = {
			isa = PBXGroup;
			children = (
				A7F106B228CF50FD00C29BB1 /* MemoryGameView.swift */,
				6CE1C80528F99A2300522B23 /* SheetView.swift */,
				6C180508290176BB0085E23F /* Cardify.swift */,
				6C18050A290177A70085E23F /* CardView.swift */,
				6C18050C29017A350085E23F /* Pie.swift */,
				6C9A1C6429212476004A1869 /* Shapes.swift */,
			);
			path = View;
			sourceTree = "<group>";
		};
		6C7EBB8428F840F700D791D7 /* Extensions */ = {
			isa = PBXGroup;
			children = (
				6C7EBB8528F8411800D791D7 /* Array.swift */,
			);
			path = Extensions;
			sourceTree = "<group>";
		};
		A7F1069428CF503D00C29BB1 = {
			isa = PBXGroup;
			children = (
				6C22BF2F2920EACC003ED54B /* Launch Screen.storyboard */,
				A7F106A428CF503E00C29BB1 /* Assets.xcassets */,
				A7F1069F28CF503D00C29BB1 /* MemoryGame */,
				A7F1069E28CF503D00C29BB1 /* Products */,
			);
			sourceTree = "<group>";
		};
		A7F1069E28CF503D00C29BB1 /* Products */ = {
			isa = PBXGroup;
			children = (
				A7F1069D28CF503D00C29BB1 /* MemoryGame.app */,
			);
			name = Products;
			sourceTree = "<group>";
		};
		A7F1069F28CF503D00C29BB1 /* MemoryGame */ = {
			isa = PBXGroup;
			children = (
				6C22BF2D2920E72A003ED54B /* Info.plist */,
				6C7EBB8428F840F700D791D7 /* Extensions */,
				6C72BC6928E5CBD6003DB2A6 /* View */,
				6C72BC6828E5CBC6003DB2A6 /* ViewModel */,
				6C72BC6728E5CBAE003DB2A6 /* Model */,
				A7F106A028CF503D00C29BB1 /* MemoryGameApp.swift */,
				A7F106A628CF503E00C29BB1 /* Preview Content */,
				6C49CE77290ABCA9003F4C5B /* MemoryGameFactory.swift */,
			);
			path = MemoryGame;
			sourceTree = "<group>";
		};
		A7F106A628CF503E00C29BB1 /* Preview Content */ = {
			isa = PBXGroup;
			children = (
				A7F106A728CF503E00C29BB1 /* Preview Assets.xcassets */,
			);
			path = "Preview Content";
			sourceTree = "<group>";
		};
/* End PBXGroup section */

/* Begin PBXNativeTarget section */
		A7F1069C28CF503D00C29BB1 /* MemoryGame */ = {
			isa = PBXNativeTarget;
			buildConfigurationList = A7F106AB28CF503E00C29BB1 /* Build configuration list for PBXNativeTarget "MemoryGame" */;
			buildPhases = (
				A7F1069928CF503D00C29BB1 /* Sources */,
				A7F1069A28CF503D00C29BB1 /* Frameworks */,
				A7F1069B28CF503D00C29BB1 /* Resources */,
			);
			buildRules = (
			);
			dependencies = (
			);
			name = MemoryGame;
			productName = MemoryGame;
			productReference = A7F1069D28CF503D00C29BB1 /* MemoryGame.app */;
			productType = "com.apple.product-type.application";
		};
/* End PBXNativeTarget section */

/* Begin PBXProject section */
		A7F1069528CF503D00C29BB1 /* Project object */ = {
			isa = PBXProject;
			attributes = {
				BuildIndependentTargetsInParallel = 1;
				LastSwiftUpdateCheck = 1400;
				LastUpgradeCheck = 1400;
				TargetAttributes = {
					A7F1069C28CF503D00C29BB1 = {
						CreatedOnToolsVersion = 14.0;
					};
				};
			};
			buildConfigurationList = A7F1069828CF503D00C29BB1 /* Build configuration list for PBXProject "MemoryGame" */;
			compatibilityVersion = "Xcode 14.0";
			developmentRegion = en;
			hasScannedForEncodings = 0;
			knownRegions = (
				en,
				Base,
			);
			mainGroup = A7F1069428CF503D00C29BB1;
			productRefGroup = A7F1069E28CF503D00C29BB1 /* Products */;
			projectDirPath = "";
			projectRoot = "";
			targets = (
				A7F1069C28CF503D00C29BB1 /* MemoryGame */,
			);
		};
/* End PBXProject section */

/* Begin PBXResourcesBuildPhase section */
		A7F1069B28CF503D00C29BB1 /* Resources */ = {
			isa = PBXResourcesBuildPhase;
			buildActionMask = 2147483647;
			files = (
				6C22BF302920EACC003ED54B /* Launch Screen.storyboard in Resources */,
				A7F106A828CF503E00C29BB1 /* Preview Assets.xcassets in Resources */,
				A7F106A528CF503E00C29BB1 /* Assets.xcassets in Resources */,
			);
			runOnlyForDeploymentPostprocessing = 0;
		};
/* End PBXResourcesBuildPhase section */

/* Begin PBXSourcesBuildPhase section */
		A7F1069928CF503D00C29BB1 /* Sources */ = {
			isa = PBXSourcesBuildPhase;
			buildActionMask = 2147483647;
			files = (
				A7F106AF28CF50DC00C29BB1 /* EmojiMemoryGameViewModel.swift in Sources */,
				6C180509290176BB0085E23F /* Cardify.swift in Sources */,
				6C7EBB8628F8411800D791D7 /* Array.swift in Sources */,
				6C18050D29017A350085E23F /* Pie.swift in Sources */,
				A7F106B128CF50F400C29BB1 /* MemoryGameModel.swift in Sources */,
				6C49CE78290ABCA9003F4C5B /* MemoryGameFactory.swift in Sources */,
				A7F106B328CF50FD00C29BB1 /* MemoryGameView.swift in Sources */,
				6CE1C80628F99A2300522B23 /* SheetView.swift in Sources */,
				6C18050B290177A70085E23F /* CardView.swift in Sources */,
				A7F106A128CF503D00C29BB1 /* MemoryGameApp.swift in Sources */,
				6C9A1C6529212476004A1869 /* Shapes.swift in Sources */,
			);
			runOnlyForDeploymentPostprocessing = 0;
		};
/* End PBXSourcesBuildPhase section */

/* Begin XCBuildConfiguration section */
		A7F106A928CF503E00C29BB1 /* Debug */ = {
			isa = XCBuildConfiguration;
			buildSettings = {
				ALWAYS_SEARCH_USER_PATHS = NO;
				CLANG_ANALYZER_NONNULL = YES;
				CLANG_ANALYZER_NUMBER_OBJECT_CONVERSION = YES_AGGRESSIVE;
				CLANG_CXX_LANGUAGE_STANDARD = "gnu++20";
				CLANG_ENABLE_MODULES = YES;
				CLANG_ENABLE_OBJC_ARC = YES;
				CLANG_ENABLE_OBJC_WEAK = YES;
				CLANG_WARN_BLOCK_CAPTURE_AUTORELEASING = YES;
				CLANG_WARN_BOOL_CONVERSION = YES;
				CLANG_WARN_COMMA = YES;
				CLANG_WARN_CONSTANT_CONVERSION = YES;
				CLANG_WARN_DEPRECATED_OBJC_IMPLEMENTATIONS = YES;
				CLANG_WARN_DIRECT_OBJC_ISA_USAGE = YES_ERROR;
				CLANG_WARN_DOCUMENTATION_COMMENTS = YES;
				CLANG_WARN_EMPTY_BODY = YES;
				CLANG_WARN_ENUM_CONVERSION = YES;
				CLANG_WARN_INFINITE_RECURSION = YES;
				CLANG_WARN_INT_CONVERSION = YES;
				CLANG_WARN_NON_LITERAL_NULL_CONVERSION = YES;
				CLANG_WARN_OBJC_IMPLICIT_RETAIN_SELF = YES;
				CLANG_WARN_OBJC_LITERAL_CONVERSION = YES;
				CLANG_WARN_OBJC_ROOT_CLASS = YES_ERROR;
				CLANG_WARN_QUOTED_INCLUDE_IN_FRAMEWORK_HEADER = YES;
				CLANG_WARN_RANGE_LOOP_ANALYSIS = YES;
				CLANG_WARN_STRICT_PROTOTYPES = YES;
				CLANG_WARN_SUSPICIOUS_MOVE = YES;
				CLANG_WARN_UNGUARDED_AVAILABILITY = YES_AGGRESSIVE;
				CLANG_WARN_UNREACHABLE_CODE = YES;
				CLANG_WARN__DUPLICATE_METHOD_MATCH = YES;
				COPY_PHASE_STRIP = NO;
				DEBUG_INFORMATION_FORMAT = dwarf;
				ENABLE_STRICT_OBJC_MSGSEND = YES;
				ENABLE_TESTABILITY = YES;
				GCC_C_LANGUAGE_STANDARD = gnu11;
				GCC_DYNAMIC_NO_PIC = NO;
				GCC_NO_COMMON_BLOCKS = YES;
				GCC_OPTIMIZATION_LEVEL = 0;
				GCC_PREPROCESSOR_DEFINITIONS = (
					"DEBUG=1",
					"$(inherited)",
				);
				GCC_WARN_64_TO_32_BIT_CONVERSION = YES;
				GCC_WARN_ABOUT_RETURN_TYPE = YES_ERROR;
				GCC_WARN_UNDECLARED_SELECTOR = YES;
				GCC_WARN_UNINITIALIZED_AUTOS = YES_AGGRESSIVE;
				GCC_WARN_UNUSED_FUNCTION = YES;
				GCC_WARN_UNUSED_VARIABLE = YES;
				IPHONEOS_DEPLOYMENT_TARGET = 16.0;
				MTL_ENABLE_DEBUG_INFO = INCLUDE_SOURCE;
				MTL_FAST_MATH = YES;
				ONLY_ACTIVE_ARCH = YES;
				SDKROOT = iphoneos;
				SWIFT_ACTIVE_COMPILATION_CONDITIONS = DEBUG;
				SWIFT_OPTIMIZATION_LEVEL = "-Onone";
			};
			name = Debug;
		};
		A7F106AA28CF503E00C29BB1 /* Release */ = {
			isa = XCBuildConfiguration;
			buildSettings = {
				ALWAYS_SEARCH_USER_PATHS = NO;
				CLANG_ANALYZER_NONNULL = YES;
				CLANG_ANALYZER_NUMBER_OBJECT_CONVERSION = YES_AGGRESSIVE;
				CLANG_CXX_LANGUAGE_STANDARD = "gnu++20";
				CLANG_ENABLE_MODULES = YES;
				CLANG_ENABLE_OBJC_ARC = YES;
				CLANG_ENABLE_OBJC_WEAK = YES;
				CLANG_WARN_BLOCK_CAPTURE_AUTORELEASING = YES;
				CLANG_WARN_BOOL_CONVERSION = YES;
				CLANG_WARN_COMMA = YES;
				CLANG_WARN_CONSTANT_CONVERSION = YES;
				CLANG_WARN_DEPRECATED_OBJC_IMPLEMENTATIONS = YES;
				CLANG_WARN_DIRECT_OBJC_ISA_USAGE = YES_ERROR;
				CLANG_WARN_DOCUMENTATION_COMMENTS = YES;
				CLANG_WARN_EMPTY_BODY = YES;
				CLANG_WARN_ENUM_CONVERSION = YES;
				CLANG_WARN_INFINITE_RECURSION = YES;
				CLANG_WARN_INT_CONVERSION = YES;
				CLANG_WARN_NON_LITERAL_NULL_CONVERSION = YES;
				CLANG_WARN_OBJC_IMPLICIT_RETAIN_SELF = YES;
				CLANG_WARN_OBJC_LITERAL_CONVERSION = YES;
				CLANG_WARN_OBJC_ROOT_CLASS = YES_ERROR;
				CLANG_WARN_QUOTED_INCLUDE_IN_FRAMEWORK_HEADER = YES;
				CLANG_WARN_RANGE_LOOP_ANALYSIS = YES;
				CLANG_WARN_STRICT_PROTOTYPES = YES;
				CLANG_WARN_SUSPICIOUS_MOVE = YES;
				CLANG_WARN_UNGUARDED_AVAILABILITY = YES_AGGRESSIVE;
				CLANG_WARN_UNREACHABLE_CODE = YES;
				CLANG_WARN__DUPLICATE_METHOD_MATCH = YES;
				COPY_PHASE_STRIP = NO;
				DEBUG_INFORMATION_FORMAT = "dwarf-with-dsym";
				ENABLE_NS_ASSERTIONS = NO;
				ENABLE_STRICT_OBJC_MSGSEND = YES;
				GCC_C_LANGUAGE_STANDARD = gnu11;
				GCC_NO_COMMON_BLOCKS = YES;
				GCC_WARN_64_TO_32_BIT_CONVERSION = YES;
				GCC_WARN_ABOUT_RETURN_TYPE = YES_ERROR;
				GCC_WARN_UNDECLARED_SELECTOR = YES;
				GCC_WARN_UNINITIALIZED_AUTOS = YES_AGGRESSIVE;
				GCC_WARN_UNUSED_FUNCTION = YES;
				GCC_WARN_UNUSED_VARIABLE = YES;
				IPHONEOS_DEPLOYMENT_TARGET = 16.0;
				MTL_ENABLE_DEBUG_INFO = NO;
				MTL_FAST_MATH = YES;
				SDKROOT = iphoneos;
				SWIFT_COMPILATION_MODE = wholemodule;
				SWIFT_OPTIMIZATION_LEVEL = "-O";
				VALIDATE_PRODUCT = YES;
			};
			name = Release;
		};
		A7F106AC28CF503E00C29BB1 /* Debug */ = {
			isa = XCBuildConfiguration;
			buildSettings = {
				ASSETCATALOG_COMPILER_APPICON_NAME = AppIcon;
				ASSETCATALOG_COMPILER_GLOBAL_ACCENT_COLOR_NAME = AccentColor;
				ASSETCATALOG_COMPILER_INCLUDE_ALL_APPICON_ASSETS = YES;
				CODE_SIGN_STYLE = Automatic;
				CURRENT_PROJECT_VERSION = 1;
				DEVELOPMENT_ASSET_PATHS = "\"MemoryGame/Preview Content\"";
				DEVELOPMENT_TEAM = Z59JJ9B7QV;
				ENABLE_PREVIEWS = YES;
				GENERATE_INFOPLIST_FILE = YES;
				INFOPLIST_FILE = MemoryGame/Info.plist;
				INFOPLIST_KEY_CFBundleDisplayName = MemoryGame;
				INFOPLIST_KEY_LSApplicationCategoryType = "public.app-category.games";
				INFOPLIST_KEY_UIApplicationSceneManifest_Generation = YES;
				INFOPLIST_KEY_UIApplicationSupportsIndirectInputEvents = YES;
				INFOPLIST_KEY_UILaunchStoryboardName = "Launch Screen.storyboard";
				INFOPLIST_KEY_UIStatusBarStyle = "";
				INFOPLIST_KEY_UISupportedInterfaceOrientations_iPad = "UIInterfaceOrientationPortrait UIInterfaceOrientationPortraitUpsideDown UIInterfaceOrientationLandscapeLeft UIInterfaceOrientationLandscapeRight";
				INFOPLIST_KEY_UISupportedInterfaceOrientations_iPhone = "UIInterfaceOrientationPortrait UIInterfaceOrientationLandscapeLeft UIInterfaceOrientationLandscapeRight";
				LD_RUNPATH_SEARCH_PATHS = (
					"$(inherited)",
					"@executable_path/Frameworks",
				);
				MARKETING_VERSION = 1.0;
				PRODUCT_BUNDLE_IDENTIFIER = ch.fhnw.MemoryGame;
				PRODUCT_NAME = "$(TARGET_NAME)";
				SWIFT_EMIT_LOC_STRINGS = YES;
				SWIFT_VERSION = 5.0;
				TARGETED_DEVICE_FAMILY = "1,2";
			};
			name = Debug;
		};
		A7F106AD28CF503E00C29BB1 /* Release */ = {
			isa = XCBuildConfiguration;
			buildSettings = {
				ASSETCATALOG_COMPILER_APPICON_NAME = AppIcon;
				ASSETCATALOG_COMPILER_GLOBAL_ACCENT_COLOR_NAME = AccentColor;
				ASSETCATALOG_COMPILER_INCLUDE_ALL_APPICON_ASSETS = YES;
				CODE_SIGN_STYLE = Automatic;
				CURRENT_PROJECT_VERSION = 1;
				DEVELOPMENT_ASSET_PATHS = "\"MemoryGame/Preview Content\"";
				DEVELOPMENT_TEAM = Z59JJ9B7QV;
				ENABLE_PREVIEWS = YES;
				GENERATE_INFOPLIST_FILE = YES;
				INFOPLIST_FILE = MemoryGame/Info.plist;
				INFOPLIST_KEY_CFBundleDisplayName = MemoryGame;
				INFOPLIST_KEY_LSApplicationCategoryType = "public.app-category.games";
				INFOPLIST_KEY_UIApplicationSceneManifest_Generation = YES;
				INFOPLIST_KEY_UIApplicationSupportsIndirectInputEvents = YES;
				INFOPLIST_KEY_UILaunchStoryboardName = "Launch Screen.storyboard";
				INFOPLIST_KEY_UIStatusBarStyle = "";
				INFOPLIST_KEY_UISupportedInterfaceOrientations_iPad = "UIInterfaceOrientationPortrait UIInterfaceOrientationPortraitUpsideDown UIInterfaceOrientationLandscapeLeft UIInterfaceOrientationLandscapeRight";
				INFOPLIST_KEY_UISupportedInterfaceOrientations_iPhone = "UIInterfaceOrientationPortrait UIInterfaceOrientationLandscapeLeft UIInterfaceOrientationLandscapeRight";
				LD_RUNPATH_SEARCH_PATHS = (
					"$(inherited)",
					"@executable_path/Frameworks",
				);
				MARKETING_VERSION = 1.0;
				PRODUCT_BUNDLE_IDENTIFIER = ch.fhnw.MemoryGame;
				PRODUCT_NAME = "$(TARGET_NAME)";
				SWIFT_EMIT_LOC_STRINGS = YES;
				SWIFT_VERSION = 5.0;
				TARGETED_DEVICE_FAMILY = "1,2";
			};
			name = Release;
		};
/* End XCBuildConfiguration section */

/* Begin XCConfigurationList section */
		A7F1069828CF503D00C29BB1 /* Build configuration list for PBXProject "MemoryGame" */ = {
			isa = XCConfigurationList;
			buildConfigurations = (
				A7F106A928CF503E00C29BB1 /* Debug */,
				A7F106AA28CF503E00C29BB1 /* Release */,
			);
			defaultConfigurationIsVisible = 0;
			defaultConfigurationName = Release;
		};
		A7F106AB28CF503E00C29BB1 /* Build configuration list for PBXNativeTarget "MemoryGame" */ = {
			isa = XCConfigurationList;
			buildConfigurations = (
				A7F106AC28CF503E00C29BB1 /* Debug */,
				A7F106AD28CF503E00C29BB1 /* Release */,
			);
			defaultConfigurationIsVisible = 0;
			defaultConfigurationName = Release;
		};
/* End XCConfigurationList section */
	};
	rootObject = A7F1069528CF503D00C29BB1 /* Project object */;
}
